<?xml version="1.0" encoding="utf-8"?>
<Project ToolsVersion="15.0" xmlns="http://schemas.microsoft.com/developer/msbuild/2003">
  <ItemGroup>
    <ClCompile Include="C:\JMORAGUES\Verbio\src\Application.cpp">
      <Filter>Source Files</Filter>
    </ClCompile>
    <ClCompile Include="C:\JMORAGUES\Verbio\src\FreeTextRuleAcceptor.cpp">
      <Filter>Source Files</Filter>
    </ClCompile>
    <ClCompile Include="C:\JMORAGUES\Verbio\src\FreeTextRuleTransformer.cpp">
      <Filter>Source Files</Filter>
    </ClCompile>
    <ClCompile Include="C:\JMORAGUES\Verbio\src\KeyboardInputHandler.cpp">
      <Filter>Source Files</Filter>
    </ClCompile>
    <ClCompile Include="C:\JMORAGUES\Verbio\src\ScannerDefs.cpp">
      <Filter>Source Files</Filter>
    </ClCompile>
    <ClCompile Include="C:\JMORAGUES\Verbio\src\ScannerRule.cpp">
      <Filter>Source Files</Filter>
    </ClCompile>
    <ClCompile Include="C:\JMORAGUES\Verbio\src\StreamTokenizer.cpp">
      <Filter>Source Files</Filter>
    </ClCompile>
    <ClCompile Include="C:\JMORAGUES\Verbio\src\TextFormatter.cpp">
      <Filter>Source Files</Filter>
    </ClCompile>
    <ClCompile Include="C:\JMORAGUES\Verbio\src\TextToNumberRuleAcceptor.cpp">
      <Filter>Source Files</Filter>
    </ClCompile>
    <ClCompile Include="C:\JMORAGUES\Verbio\src\TextToNumberRuleTransformer.cpp">
      <Filter>Source Files</Filter>
    </ClCompile>
    <ClCompile Include="C:\JMORAGUES\Verbio\src\TextToNumberScannerDefs.cpp">
      <Filter>Source Files</Filter>
    </ClCompile>
    <ClCompile Include="C:\JMORAGUES\Verbio\src\TokenScanner.cpp">
      <Filter>Source Files</Filter>
    </ClCompile>
  </ItemGroup>
  <ItemGroup>
    <ClInclude Include="C:\JMORAGUES\Verbio\src\FreeTextRuleAcceptor.h">
      <Filter>Header Files</Filter>
    </ClInclude>
    <ClInclude Include="C:\JMORAGUES\Verbio\src\FreeTextRuleTransformer.h">
      <Filter>Header Files</Filter>
    </ClInclude>
    <ClInclude Include="C:\JMORAGUES\Verbio\src\IInputHandler.h">
      <Filter>Header Files</Filter>
    </ClInclude>
    <ClInclude Include="C:\JMORAGUES\Verbio\src\IScannerRuleAcceptor.h">
      <Filter>Header Files</Filter>
    </ClInclude>
    <ClInclude Include="C:\JMORAGUES\Verbio\src\IScannerRuleTransformer.h">
      <Filter>Header Files</Filter>
    </ClInclude>
    <ClInclude Include="C:\JMORAGUES\Verbio\src\IStreamTokenizer.h">
      <Filter>Header Files</Filter>
    </ClInclude>
    <ClInclude Include="C:\JMORAGUES\Verbio\src\ITextFormatter.h">
      <Filter>Header Files</Filter>
    </ClInclude>
    <ClInclude Include="C:\JMORAGUES\Verbio\src\KeyboardInputHandler.h">
      <Filter>Header Files</Filter>
    </ClInclude>
    <ClInclude Include="C:\JMORAGUES\Verbio\src\ScannerDefs.h">
      <Filter>Header Files</Filter>
    </ClInclude>
    <ClInclude Include="C:\JMORAGUES\Verbio\src\ScannerRule.h">
      <Filter>Header Files</Filter>
    </ClInclude>
    <ClInclude Include="C:\JMORAGUES\Verbio\src\StreamTokenizer.h">
      <Filter>Header Files</Filter>
    </ClInclude>
    <ClInclude Include="C:\JMORAGUES\Verbio\src\TextFormatter.h">
      <Filter>Header Files</Filter>
    </ClInclude>
    <ClInclude Include="C:\JMORAGUES\Verbio\src\TextFormatterDefs.h">
      <Filter>Header Files</Filter>
    </ClInclude>
    <ClInclude Include="C:\JMORAGUES\Verbio\src\TextToNumberRuleAcceptor.h">
      <Filter>Header Files</Filter>
    </ClInclude>
    <ClInclude Include="C:\JMORAGUES\Verbio\src\TextToNumberRuleTransformer.h">
      <Filter>Header Files</Filter>
    </ClInclude>
    <ClInclude Include="C:\JMORAGUES\Verbio\src\TextToNumberScannerDefs.h">
      <Filter>Header Files</Filter>
    </ClInclude>
    <ClInclude Include="C:\JMORAGUES\Verbio\src\TokenScanner.h">
      <Filter>Header Files</Filter>
    </ClInclude>
  </ItemGroup>
  <ItemGroup>
    <CustomBuild Include="C:\JMORAGUES\Verbio\src\CMakeLists.txt" />
  </ItemGroup>
  <ItemGroup>
    <Filter Include="Header Files">
      <UniqueIdentifier>{7444DDE4-C658-36D2-B2AA-5DDFE9308EC6}</UniqueIdentifier>
    </Filter>
    <Filter Include="Source Files">
      <UniqueIdentifier>{E41921F0-CD19-3D00-8EFC-6F2CD200F1A1}</UniqueIdentifier>
    </Filter>
  </ItemGroup>
</Project>
